
Microsoft Visual Studio Solution File, Format Version 12.00
# Visual Studio 15
VisualStudioVersion = 15.0.28010.2050
MinimumVisualStudioVersion = 10.0.40219.1
Project("{FAE04EC0-301F-11D3-BF4B-00C04F79EFBC}") = "BCF-XML", "BCF-XML\BCF-XML.csproj", "{CCE2D3DC-75D9-40C1-B0B1-519D090A894F}"
EndProject
Global
	GlobalSection(SolutionConfigurationPlatforms) = preSolution
		Debug|Any CPU = Debug|Any CPU
		Release|Any CPU = Release|Any CPU
	EndGlobalSection
	GlobalSection(ProjectConfigurationPlatforms) = postSolution
		{CCE2D3DC-75D9-40C1-B0B1-519D090A894F}.Debug|Any CPU.ActiveCfg = Debug|Any CPU
		{CCE2D3DC-75D9-40C1-B0B1-519D090A894F}.Debug|Any CPU.Build.0 = Debug|Any CPU
		{CCE2D3DC-75D9-40C1-B0B1-519D090A894F}.Release|Any CPU.ActiveCfg = Release|Any CPU
		{CCE2D3DC-75D9-40C1-B0B1-519D090A894F}.Release|Any CPU.Build.0 = Release|Any CPU
	EndGlobalSection
	GlobalSection(SolutionProperties) = preSolution
		HideSolutionNode = FALSE
	EndGlobalSection
	GlobalSection(ExtensibilityGlobals) = postSolution
		SolutionGuid = {B9B052CF-541E-4534-BEE9-DF740E168CB2}
	EndGlobalSection
EndGlobal
